
Microsoft Visual Studio Solution File, Format Version 12.00
# Visual Studio Version 17
VisualStudioVersion = 17.4.33213.308
MinimumVisualStudioVersion = 10.0.40219.1
Project("{FAE04EC0-301F-11D3-BF4B-00C04F79EFBC}") = "StudentCheck", "StudentCheck\StudentCheck.csproj", "{6ED88CC7-11A7-4BCB-B5C0-AB562D4A6775}"
EndProject
Global
	GlobalSection(SolutionConfigurationPlatforms) = preSolution
		Debug|Any CPU = Debug|Any CPU
		Release|Any CPU = Release|Any CPU
	EndGlobalSection
	GlobalSection(ProjectConfigurationPlatforms) = postSolution
		{6ED88CC7-11A7-4BCB-B5C0-AB562D4A6775}.Debug|Any CPU.ActiveCfg = Debug|Any CPU
		{6ED88CC7-11A7-4BCB-B5C0-AB562D4A6775}.Debug|Any CPU.Build.0 = Debug|Any CPU
		{6ED88CC7-11A7-4BCB-B5C0-AB562D4A6775}.Release|Any CPU.ActiveCfg = Release|Any CPU
		{6ED88CC7-11A7-4BCB-B5C0-AB562D4A6775}.Release|Any CPU.Build.0 = Release|Any CPU
	EndGlobalSection
	GlobalSection(SolutionProperties) = preSolution
		HideSolutionNode = FALSE
	EndGlobalSection
	GlobalSection(ExtensibilityGlobals) = postSolution
		SolutionGuid = {989938EA-6B6F-4BA6-984C-990B8404D61E}
	EndGlobalSection
EndGlobal
